{
  "requires": true,
  "lockfileVersion": 1,
  "dependencies": {
    "bulma-calendar": {
      "version": "4.0.1",
      "resolved": "https://registry.npmjs.org/bulma-calendar/-/bulma-calendar-4.0.1.tgz",
      "integrity": "sha512-W6l9GiQUFgNu8OJReES2NwHI0R6BrMKOs+tNMWXPONhHVnJ9JmOWr8MdQQ3l/rkCBukymBkwf/tSsw2uMVSocw==",
      "requires": {
        "moment": "2.22.2"
      }
    },
    "moment": {
      "version": "2.22.2",
      "resolved": "https://registry.npmjs.org/moment/-/moment-2.22.2.tgz",
      "integrity": "sha1-PCV/mDn8DpP/UxSWMiOeuQeD/2Y="
    }
  }
}
